
Microsoft Visual Studio Solution File, Format Version 12.00
# Visual Studio Version 17
VisualStudioVersion = 17.6.33723.286
MinimumVisualStudioVersion = 10.0.40219.1
Project("{9A19103F-16F7-4668-BE54-9A1E7A4F7556}") = "pd2", "SortowaniePracaNr2\pd2.csproj", "{2F34197B-47B5-4279-AE0C-E3DECF0E2EE7}"
EndProject
Global
	GlobalSection(SolutionConfigurationPlatforms) = preSolution
		Debug|Any CPU = Debug|Any CPU
		Release|Any CPU = Release|Any CPU
	EndGlobalSection
	GlobalSection(ProjectConfigurationPlatforms) = postSolution
		{2F34197B-47B5-4279-AE0C-E3DECF0E2EE7}.Debug|Any CPU.ActiveCfg = Debug|Any CPU
		{2F34197B-47B5-4279-AE0C-E3DECF0E2EE7}.Debug|Any CPU.Build.0 = Debug|Any CPU
		{2F34197B-47B5-4279-AE0C-E3DECF0E2EE7}.Release|Any CPU.ActiveCfg = Release|Any CPU
		{2F34197B-47B5-4279-AE0C-E3DECF0E2EE7}.Release|Any CPU.Build.0 = Release|Any CPU
	EndGlobalSection
	GlobalSection(SolutionProperties) = preSolution
		HideSolutionNode = FALSE
	EndGlobalSection
	GlobalSection(ExtensibilityGlobals) = postSolution
		SolutionGuid = {E0BD7CF9-9891-49EF-8081-F006C26C185D}
	EndGlobalSection
EndGlobal
